
Microsoft Visual Studio Solution File, Format Version 12.00
# Visual Studio Version 17
VisualStudioVersion = 17.1.32210.238
MinimumVisualStudioVersion = 10.0.40219.1
Project("{9A19103F-16F7-4668-BE54-9A1E7A4F7556}") = "DeltaX", "DeltaX.csproj", "{5B443B94-EBFF-405A-9E01-775958BA5B83}"
EndProject
Global
	GlobalSection(SolutionConfigurationPlatforms) = preSolution
		Debug|Any CPU = Debug|Any CPU
		Release|Any CPU = Release|Any CPU
	EndGlobalSection
	GlobalSection(ProjectConfigurationPlatforms) = postSolution
		{5B443B94-EBFF-405A-9E01-775958BA5B83}.Debug|Any CPU.ActiveCfg = Debug|Any CPU
		{5B443B94-EBFF-405A-9E01-775958BA5B83}.Debug|Any CPU.Build.0 = Debug|Any CPU
		{5B443B94-EBFF-405A-9E01-775958BA5B83}.Release|Any CPU.ActiveCfg = Release|Any CPU
		{5B443B94-EBFF-405A-9E01-775958BA5B83}.Release|Any CPU.Build.0 = Release|Any CPU
	EndGlobalSection
	GlobalSection(SolutionProperties) = preSolution
		HideSolutionNode = FALSE
	EndGlobalSection
	GlobalSection(ExtensibilityGlobals) = postSolution
		SolutionGuid = {36478C7B-4104-4836-8751-9D8FC6A0B42E}
	EndGlobalSection
EndGlobal
